// !$*UTF8*$!
{
	archiveVersion = 1;
	classes = {
	};
	objectVersion = 77;
	objects = {

/* Begin PBXContainerItemProxy section */
		129186FA2CF9D4B30082E3C0 /* PBXContainerItemProxy */ = {
			isa = PBXContainerItemProxy;
			containerPortal = 129186E12CF9D4B20082E3C0 /* Project object */;
			proxyType = 1;
			remoteGlobalIDString = 129186E82CF9D4B20082E3C0;
			remoteInfo = PlayingWithSwiftUI;
		};
		129187042CF9D4B30082E3C0 /* PBXContainerItemProxy */ = {
			isa = PBXContainerItemProxy;
			containerPortal = 129186E12CF9D4B20082E3C0 /* Project object */;
			proxyType = 1;
			remoteGlobalIDString = 129186E82CF9D4B20082E3C0;
			remoteInfo = PlayingWithSwiftUI;
		};
/* End PBXContainerItemProxy section */

/* Begin PBXFileReference section */
		129186E92CF9D4B20082E3C0 /* PlayingWithSwiftUI.app */ = {isa = PBXFileReference; explicitFileType = wrapper.application; includeInIndex = 0; path = PlayingWithSwiftUI.app; sourceTree = BUILT_PRODUCTS_DIR; };
		129186F92CF9D4B30082E3C0 /* PlayingWithSwiftUITests.xctest */ = {isa = PBXFileReference; explicitFileType = wrapper.cfbundle; includeInIndex = 0; path = PlayingWithSwiftUITests.xctest; sourceTree = BUILT_PRODUCTS_DIR; };
		129187032CF9D4B30082E3C0 /* PlayingWithSwiftUIUITests.xctest */ = {isa = PBXFileReference; explicitFileType = wrapper.cfbundle; includeInIndex = 0; path = PlayingWithSwiftUIUITests.xctest; sourceTree = BUILT_PRODUCTS_DIR; };
/* End PBXFileReference section */

/* Begin PBXFileSystemSynchronizedRootGroup section */
		129186EB2CF9D4B20082E3C0 /* PlayingWithSwiftUI */ = {
			isa = PBXFileSystemSynchronizedRootGroup;
			path = PlayingWithSwiftUI;
			sourceTree = "<group>";
		};
		129186FC2CF9D4B30082E3C0 /* PlayingWithSwiftUITests */ = {
			isa = PBXFileSystemSynchronizedRootGroup;
			path = PlayingWithSwiftUITests;
			sourceTree = "<group>";
		};
		129187062CF9D4B30082E3C0 /* PlayingWithSwiftUIUITests */ = {
			isa = PBXFileSystemSynchronizedRootGroup;
			path = PlayingWithSwiftUIUITests;
			sourceTree = "<group>";
		};
/* End PBXFileSystemSynchronizedRootGroup section */

/* Begin PBXFrameworksBuildPhase section */
		129186E62CF9D4B20082E3C0 /* Frameworks */ = {
			isa = PBXFrameworksBuildPhase;
			buildActionMask = 2147483647;
			files = (
			);
			runOnlyForDeploymentPostprocessing = 0;
		};
		129186F62CF9D4B30082E3C0 /* Frameworks */ = {
			isa = PBXFrameworksBuildPhase;
			buildActionMask = 2147483647;
			files = (
			);
			runOnlyForDeploymentPostprocessing = 0;
		};
		129187002CF9D4B30082E3C0 /* Frameworks */ = {
			isa = PBXFrameworksBuildPhase;
			buildActionMask = 2147483647;
			files = (
			);
			runOnlyForDeploymentPostprocessing = 0;
		};
/* End PBXFrameworksBuildPhase section */

/* Begin PBXGroup section */
		129186E02CF9D4B20082E3C0 = {
			isa = PBXGroup;
			children = (
				129186EB2CF9D4B20082E3C0 /* PlayingWithSwiftUI */,
				129186FC2CF9D4B30082E3C0 /* PlayingWithSwiftUITests */,
				129187062CF9D4B30082E3C0 /* PlayingWithSwiftUIUITests */,
				129186EA2CF9D4B20082E3C0 /* Products */,
			);
			sourceTree = "<group>";
		};
		129186EA2CF9D4B20082E3C0 /* Products */ = {
			isa = PBXGroup;
			children = (
				129186E92CF9D4B20082E3C0 /* PlayingWithSwiftUI.app */,
				129186F92CF9D4B30082E3C0 /* PlayingWithSwiftUITests.xctest */,
				129187032CF9D4B30082E3C0 /* PlayingWithSwiftUIUITests.xctest */,
			);
			name = Products;
			sourceTree = "<group>";
		};
/* End PBXGroup section */

/* Begin PBXNativeTarget section */
		129186E82CF9D4B20082E3C0 /* PlayingWithSwiftUI */ = {
			isa = PBXNativeTarget;
			buildConfigurationList = 1291870D2CF9D4B30082E3C0 /* Build configuration list for PBXNativeTarget "PlayingWithSwiftUI" */;
			buildPhases = (
				129186E52CF9D4B20082E3C0 /* Sources */,
				129186E62CF9D4B20082E3C0 /* Frameworks */,
				129186E72CF9D4B20082E3C0 /* Resources */,
			);
			buildRules = (
			);
			dependencies = (
			);
			fileSystemSynchronizedGroups = (
				129186EB2CF9D4B20082E3C0 /* PlayingWithSwiftUI */,
			);
			name = PlayingWithSwiftUI;
			packageProductDependencies = (
			);
			productName = PlayingWithSwiftUI;
			productReference = 129186E92CF9D4B20082E3C0 /* PlayingWithSwiftUI.app */;
			productType = "com.apple.product-type.application";
		};
		129186F82CF9D4B30082E3C0 /* PlayingWithSwiftUITests */ = {
			isa = PBXNativeTarget;
			buildConfigurationList = 129187102CF9D4B30082E3C0 /* Build configuration list for PBXNativeTarget "PlayingWithSwiftUITests" */;
			buildPhases = (
				129186F52CF9D4B30082E3C0 /* Sources */,
				129186F62CF9D4B30082E3C0 /* Frameworks */,
				129186F72CF9D4B30082E3C0 /* Resources */,
			);
			buildRules = (
			);
			dependencies = (
				129186FB2CF9D4B30082E3C0 /* PBXTargetDependency */,
			);
			fileSystemSynchronizedGroups = (
				129186FC2CF9D4B30082E3C0 /* PlayingWithSwiftUITests */,
			);
			name = PlayingWithSwiftUITests;
			packageProductDependencies = (
			);
			productName = PlayingWithSwiftUITests;
			productReference = 129186F92CF9D4B30082E3C0 /* PlayingWithSwiftUITests.xctest */;
			productType = "com.apple.product-type.bundle.unit-test";
		};
		129187022CF9D4B30082E3C0 /* PlayingWithSwiftUIUITests */ = {
			isa = PBXNativeTarget;
			buildConfigurationList = 129187132CF9D4B30082E3C0 /* Build configuration list for PBXNativeTarget "PlayingWithSwiftUIUITests" */;
			buildPhases = (
				129186FF2CF9D4B30082E3C0 /* Sources */,
				129187002CF9D4B30082E3C0 /* Frameworks */,
				129187012CF9D4B30082E3C0 /* Resources */,
			);
			buildRules = (
			);
			dependencies = (
				129187052CF9D4B30082E3C0 /* PBXTargetDependency */,
			);
			fileSystemSynchronizedGroups = (
				129187062CF9D4B30082E3C0 /* PlayingWithSwiftUIUITests */,
			);
			name = PlayingWithSwiftUIUITests;
			packageProductDependencies = (
			);
			productName = PlayingWithSwiftUIUITests;
			productReference = 129187032CF9D4B30082E3C0 /* PlayingWithSwiftUIUITests.xctest */;
			productType = "com.apple.product-type.bundle.ui-testing";
		};
/* End PBXNativeTarget section */

/* Begin PBXProject section */
		129186E12CF9D4B20082E3C0 /* Project object */ = {
			isa = PBXProject;
			attributes = {
				BuildIndependentTargetsInParallel = 1;
				LastSwiftUpdateCheck = 1610;
				LastUpgradeCheck = 1610;
				TargetAttributes = {
					129186E82CF9D4B20082E3C0 = {
						CreatedOnToolsVersion = 16.1;
					};
					129186F82CF9D4B30082E3C0 = {
						CreatedOnToolsVersion = 16.1;
						TestTargetID = 129186E82CF9D4B20082E3C0;
					};
					129187022CF9D4B30082E3C0 = {
						CreatedOnToolsVersion = 16.1;
						TestTargetID = 129186E82CF9D4B20082E3C0;
					};
				};
			};
			buildConfigurationList = 129186E42CF9D4B20082E3C0 /* Build configuration list for PBXProject "PlayingWithSwiftUI" */;
			developmentRegion = en;
			hasScannedForEncodings = 0;
			knownRegions = (
				en,
				Base,
			);
			mainGroup = 129186E02CF9D4B20082E3C0;
			minimizedProjectReferenceProxies = 1;
			preferredProjectObjectVersion = 77;
			productRefGroup = 129186EA2CF9D4B20082E3C0 /* Products */;
			projectDirPath = "";
			projectRoot = "";
			targets = (
				129186E82CF9D4B20082E3C0 /* PlayingWithSwiftUI */,
				129186F82CF9D4B30082E3C0 /* PlayingWithSwiftUITests */,
				129187022CF9D4B30082E3C0 /* PlayingWithSwiftUIUITests */,
			);
		};
/* End PBXProject section */

/* Begin PBXResourcesBuildPhase section */
		129186E72CF9D4B20082E3C0 /* Resources */ = {
			isa = PBXResourcesBuildPhase;
			buildActionMask = 2147483647;
			files = (
			);
			runOnlyForDeploymentPostprocessing = 0;
		};
		129186F72CF9D4B30082E3C0 /* Resources */ = {
			isa = PBXResourcesBuildPhase;
			buildActionMask = 2147483647;
			files = (
			);
			runOnlyForDeploymentPostprocessing = 0;
		};
		129187012CF9D4B30082E3C0 /* Resources */ = {
			isa = PBXResourcesBuildPhase;
			buildActionMask = 2147483647;
			files = (
			);
			runOnlyForDeploymentPostprocessing = 0;
		};
/* End PBXResourcesBuildPhase section */

/* Begin PBXSourcesBuildPhase section */
		129186E52CF9D4B20082E3C0 /* Sources */ = {
			isa = PBXSourcesBuildPhase;
			buildActionMask = 2147483647;
			files = (
			);
			runOnlyForDeploymentPostprocessing = 0;
		};
		129186F52CF9D4B30082E3C0 /* Sources */ = {
			isa = PBXSourcesBuildPhase;
			buildActionMask = 2147483647;
			files = (
			);
			runOnlyForDeploymentPostprocessing = 0;
		};
		129186FF2CF9D4B30082E3C0 /* Sources */ = {
			isa = PBXSourcesBuildPhase;
			buildActionMask = 2147483647;
			files = (
			);
			runOnlyForDeploymentPostprocessing = 0;
		};
/* End PBXSourcesBuildPhase section */

/* Begin PBXTargetDependency section */
		129186FB2CF9D4B30082E3C0 /* PBXTargetDependency */ = {
			isa = PBXTargetDependency;
			target = 129186E82CF9D4B20082E3C0 /* PlayingWithSwiftUI */;
			targetProxy = 129186FA2CF9D4B30082E3C0 /* PBXContainerItemProxy */;
		};
		129187052CF9D4B30082E3C0 /* PBXTargetDependency */ = {
			isa = PBXTargetDependency;
			target = 129186E82CF9D4B20082E3C0 /* PlayingWithSwiftUI */;
			targetProxy = 129187042CF9D4B30082E3C0 /* PBXContainerItemProxy */;
		};
/* End PBXTargetDependency section */

/* Begin XCBuildConfiguration section */
		1291870B2CF9D4B30082E3C0 /* Debug */ = {
			isa = XCBuildConfiguration;
			buildSettings = {
				ALWAYS_SEARCH_USER_PATHS = NO;
				ASSETCATALOG_COMPILER_GENERATE_SWIFT_ASSET_SYMBOL_EXTENSIONS = YES;
				CLANG_ANALYZER_NONNULL = YES;
				CLANG_ANALYZER_NUMBER_OBJECT_CONVERSION = YES_AGGRESSIVE;
				CLANG_CXX_LANGUAGE_STANDARD = "gnu++20";
				CLANG_ENABLE_MODULES = YES;
				CLANG_ENABLE_OBJC_ARC = YES;
				CLANG_ENABLE_OBJC_WEAK = YES;
				CLANG_WARN_BLOCK_CAPTURE_AUTORELEASING = YES;
				CLANG_WARN_BOOL_CONVERSION = YES;
				CLANG_WARN_COMMA = YES;
				CLANG_WARN_CONSTANT_CONVERSION = YES;
				CLANG_WARN_DEPRECATED_OBJC_IMPLEMENTATIONS = YES;
				CLANG_WARN_DIRECT_OBJC_ISA_USAGE = YES_ERROR;
				CLANG_WARN_DOCUMENTATION_COMMENTS = YES;
				CLANG_WARN_EMPTY_BODY = YES;
				CLANG_WARN_ENUM_CONVERSION = YES;
				CLANG_WARN_INFINITE_RECURSION = YES;
				CLANG_WARN_INT_CONVERSION = YES;
				CLANG_WARN_NON_LITERAL_NULL_CONVERSION = YES;
				CLANG_WARN_OBJC_IMPLICIT_RETAIN_SELF = YES;
				CLANG_WARN_OBJC_LITERAL_CONVERSION = YES;
				CLANG_WARN_OBJC_ROOT_CLASS = YES_ERROR;
				CLANG_WARN_QUOTED_INCLUDE_IN_FRAMEWORK_HEADER = YES;
				CLANG_WARN_RANGE_LOOP_ANALYSIS = YES;
				CLANG_WARN_STRICT_PROTOTYPES = YES;
				CLANG_WARN_SUSPICIOUS_MOVE = YES;
				CLANG_WARN_UNGUARDED_AVAILABILITY = YES_AGGRESSIVE;
				CLANG_WARN_UNREACHABLE_CODE = YES;
				CLANG_WARN__DUPLICATE_METHOD_MATCH = YES;
				COPY_PHASE_STRIP = NO;
				DEBUG_INFORMATION_FORMAT = dwarf;
				ENABLE_STRICT_OBJC_MSGSEND = YES;
				ENABLE_TESTABILITY = YES;
				ENABLE_USER_SCRIPT_SANDBOXING = YES;
				GCC_C_LANGUAGE_STANDARD = gnu17;
				GCC_DYNAMIC_NO_PIC = NO;
				GCC_NO_COMMON_BLOCKS = YES;
				GCC_OPTIMIZATION_LEVEL = 0;
				GCC_PREPROCESSOR_DEFINITIONS = (
					"DEBUG=1",
					"$(inherited)",
				);
				GCC_WARN_64_TO_32_BIT_CONVERSION = YES;
				GCC_WARN_ABOUT_RETURN_TYPE = YES_ERROR;
				GCC_WARN_UNDECLARED_SELECTOR = YES;
				GCC_WARN_UNINITIALIZED_AUTOS = YES_AGGRESSIVE;
				GCC_WARN_UNUSED_FUNCTION = YES;
				GCC_WARN_UNUSED_VARIABLE = YES;
				IPHONEOS_DEPLOYMENT_TARGET = 18.1;
				LOCALIZATION_PREFERS_STRING_CATALOGS = YES;
				MTL_ENABLE_DEBUG_INFO = INCLUDE_SOURCE;
				MTL_FAST_MATH = YES;
				ONLY_ACTIVE_ARCH = YES;
				SDKROOT = iphoneos;
				SWIFT_ACTIVE_COMPILATION_CONDITIONS = "DEBUG $(inherited)";
				SWIFT_OPTIMIZATION_LEVEL = "-Onone";
			};
			name = Debug;
		};
		1291870C2CF9D4B30082E3C0 /* Release */ = {
			isa = XCBuildConfiguration;
			buildSettings = {
				ALWAYS_SEARCH_USER_PATHS = NO;
				ASSETCATALOG_COMPILER_GENERATE_SWIFT_ASSET_SYMBOL_EXTENSIONS = YES;
				CLANG_ANALYZER_NONNULL = YES;
				CLANG_ANALYZER_NUMBER_OBJECT_CONVERSION = YES_AGGRESSIVE;
				CLANG_CXX_LANGUAGE_STANDARD = "gnu++20";
				CLANG_ENABLE_MODULES = YES;
				CLANG_ENABLE_OBJC_ARC = YES;
				CLANG_ENABLE_OBJC_WEAK = YES;
				CLANG_WARN_BLOCK_CAPTURE_AUTORELEASING = YES;
				CLANG_WARN_BOOL_CONVERSION = YES;
				CLANG_WARN_COMMA = YES;
				CLANG_WARN_CONSTANT_CONVERSION = YES;
				CLANG_WARN_DEPRECATED_OBJC_IMPLEMENTATIONS = YES;
				CLANG_WARN_DIRECT_OBJC_ISA_USAGE = YES_ERROR;
				CLANG_WARN_DOCUMENTATION_COMMENTS = YES;
				CLANG_WARN_EMPTY_BODY = YES;
				CLANG_WARN_ENUM_CONVERSION = YES;
				CLANG_WARN_INFINITE_RECURSION = YES;
				CLANG_WARN_INT_CONVERSION = YES;
				CLANG_WARN_NON_LITERAL_NULL_CONVERSION = YES;
				CLANG_WARN_OBJC_IMPLICIT_RETAIN_SELF = YES;
				CLANG_WARN_OBJC_LITERAL_CONVERSION = YES;
				CLANG_WARN_OBJC_ROOT_CLASS = YES_ERROR;
				CLANG_WARN_QUOTED_INCLUDE_IN_FRAMEWORK_HEADER = YES;
				CLANG_WARN_RANGE_LOOP_ANALYSIS = YES;
				CLANG_WARN_STRICT_PROTOTYPES = YES;
				CLANG_WARN_SUSPICIOUS_MOVE = YES;
				CLANG_WARN_UNGUARDED_AVAILABILITY = YES_AGGRESSIVE;
				CLANG_WARN_UNREACHABLE_CODE = YES;
				CLANG_WARN__DUPLICATE_METHOD_MATCH = YES;
				COPY_PHASE_STRIP = NO;
				DEBUG_INFORMATION_FORMAT = "dwarf-with-dsym";
				ENABLE_NS_ASSERTIONS = NO;
				ENABLE_STRICT_OBJC_MSGSEND = YES;
				ENABLE_USER_SCRIPT_SANDBOXING = YES;
				GCC_C_LANGUAGE_STANDARD = gnu17;
				GCC_NO_COMMON_BLOCKS = YES;
				GCC_WARN_64_TO_32_BIT_CONVERSION = YES;
				GCC_WARN_ABOUT_RETURN_TYPE = YES_ERROR;
				GCC_WARN_UNDECLARED_SELECTOR = YES;
				GCC_WARN_UNINITIALIZED_AUTOS = YES_AGGRESSIVE;
				GCC_WARN_UNUSED_FUNCTION = YES;
				GCC_WARN_UNUSED_VARIABLE = YES;
				IPHONEOS_DEPLOYMENT_TARGET = 18.1;
				LOCALIZATION_PREFERS_STRING_CATALOGS = YES;
				MTL_ENABLE_DEBUG_INFO = NO;
				MTL_FAST_MATH = YES;
				SDKROOT = iphoneos;
				SWIFT_COMPILATION_MODE = wholemodule;
				VALIDATE_PRODUCT = YES;
			};
			name = Release;
		};
		1291870E2CF9D4B30082E3C0 /* Debug */ = {
			isa = XCBuildConfiguration;
			buildSettings = {
				ASSETCATALOG_COMPILER_APPICON_NAME = AppIcon;
				ASSETCATALOG_COMPILER_GLOBAL_ACCENT_COLOR_NAME = AccentColor;
				CODE_SIGN_STYLE = Automatic;
				CURRENT_PROJECT_VERSION = 1;
				DEVELOPMENT_ASSET_PATHS = "\"PlayingWithSwiftUI/Preview Content\"";
				DEVELOPMENT_TEAM = PR5663GPG7;
				ENABLE_PREVIEWS = YES;
				GENERATE_INFOPLIST_FILE = YES;
				INFOPLIST_KEY_UIApplicationSceneManifest_Generation = YES;
				INFOPLIST_KEY_UIApplicationSupportsIndirectInputEvents = YES;
				INFOPLIST_KEY_UILaunchScreen_Generation = YES;
				INFOPLIST_KEY_UISupportedInterfaceOrientations_iPad = "UIInterfaceOrientationPortrait UIInterfaceOrientationPortraitUpsideDown UIInterfaceOrientationLandscapeLeft UIInterfaceOrientationLandscapeRight";
				INFOPLIST_KEY_UISupportedInterfaceOrientations_iPhone = "UIInterfaceOrientationPortrait UIInterfaceOrientationLandscapeLeft UIInterfaceOrientationLandscapeRight";
				LD_RUNPATH_SEARCH_PATHS = (
					"$(inherited)",
					"@executable_path/Frameworks",
				);
				MARKETING_VERSION = 1.0;
				PRODUCT_BUNDLE_IDENTIFIER = byldd.PlayingWithSwiftUI;
				PRODUCT_NAME = "$(TARGET_NAME)";
				SWIFT_EMIT_LOC_STRINGS = YES;
				SWIFT_VERSION = 5.0;
				TARGETED_DEVICE_FAMILY = "1,2";
			};
			name = Debug;
		};
		1291870F2CF9D4B30082E3C0 /* Release */ = {
			isa = XCBuildConfiguration;
			buildSettings = {
				ASSETCATALOG_COMPILER_APPICON_NAME = AppIcon;
				ASSETCATALOG_COMPILER_GLOBAL_ACCENT_COLOR_NAME = AccentColor;
				CODE_SIGN_STYLE = Automatic;
				CURRENT_PROJECT_VERSION = 1;
				DEVELOPMENT_ASSET_PATHS = "\"PlayingWithSwiftUI/Preview Content\"";
				DEVELOPMENT_TEAM = PR5663GPG7;
				ENABLE_PREVIEWS = YES;
				GENERATE_INFOPLIST_FILE = YES;
				INFOPLIST_KEY_UIApplicationSceneManifest_Generation = YES;
				INFOPLIST_KEY_UIApplicationSupportsIndirectInputEvents = YES;
				INFOPLIST_KEY_UILaunchScreen_Generation = YES;
				INFOPLIST_KEY_UISupportedInterfaceOrientations_iPad = "UIInterfaceOrientationPortrait UIInterfaceOrientationPortraitUpsideDown UIInterfaceOrientationLandscapeLeft UIInterfaceOrientationLandscapeRight";
				INFOPLIST_KEY_UISupportedInterfaceOrientations_iPhone = "UIInterfaceOrientationPortrait UIInterfaceOrientationLandscapeLeft UIInterfaceOrientationLandscapeRight";
				LD_RUNPATH_SEARCH_PATHS = (
					"$(inherited)",
					"@executable_path/Frameworks",
				);
				MARKETING_VERSION = 1.0;
				PRODUCT_BUNDLE_IDENTIFIER = byldd.PlayingWithSwiftUI;
				PRODUCT_NAME = "$(TARGET_NAME)";
				SWIFT_EMIT_LOC_STRINGS = YES;
				SWIFT_VERSION = 5.0;
				TARGETED_DEVICE_FAMILY = "1,2";
			};
			name = Release;
		};
		129187112CF9D4B30082E3C0 /* Debug */ = {
			isa = XCBuildConfiguration;
			buildSettings = {
				BUNDLE_LOADER = "$(TEST_HOST)";
				CODE_SIGN_STYLE = Automatic;
				CURRENT_PROJECT_VERSION = 1;
				DEVELOPMENT_TEAM = PR5663GPG7;
				GENERATE_INFOPLIST_FILE = YES;
				IPHONEOS_DEPLOYMENT_TARGET = 18.1;
				MARKETING_VERSION = 1.0;
				PRODUCT_BUNDLE_IDENTIFIER = byldd.PlayingWithSwiftUITests;
				PRODUCT_NAME = "$(TARGET_NAME)";
				SWIFT_EMIT_LOC_STRINGS = NO;
				SWIFT_VERSION = 5.0;
				TARGETED_DEVICE_FAMILY = "1,2";
				TEST_HOST = "$(BUILT_PRODUCTS_DIR)/PlayingWithSwiftUI.app/$(BUNDLE_EXECUTABLE_FOLDER_PATH)/PlayingWithSwiftUI";
			};
			name = Debug;
		};
		129187122CF9D4B30082E3C0 /* Release */ = {
			isa = XCBuildConfiguration;
			buildSettings = {
				BUNDLE_LOADER = "$(TEST_HOST)";
				CODE_SIGN_STYLE = Automatic;
				CURRENT_PROJECT_VERSION = 1;
				DEVELOPMENT_TEAM = PR5663GPG7;
				GENERATE_INFOPLIST_FILE = YES;
				IPHONEOS_DEPLOYMENT_TARGET = 18.1;
				MARKETING_VERSION = 1.0;
				PRODUCT_BUNDLE_IDENTIFIER = byldd.PlayingWithSwiftUITests;
				PRODUCT_NAME = "$(TARGET_NAME)";
				SWIFT_EMIT_LOC_STRINGS = NO;
				SWIFT_VERSION = 5.0;
				TARGETED_DEVICE_FAMILY = "1,2";
				TEST_HOST = "$(BUILT_PRODUCTS_DIR)/PlayingWithSwiftUI.app/$(BUNDLE_EXECUTABLE_FOLDER_PATH)/PlayingWithSwiftUI";
			};
			name = Release;
		};
		129187142CF9D4B30082E3C0 /* Debug */ = {
			isa = XCBuildConfiguration;
			buildSettings = {
				CODE_SIGN_STYLE = Automatic;
				CURRENT_PROJECT_VERSION = 1;
				DEVELOPMENT_TEAM = PR5663GPG7;
				GENERATE_INFOPLIST_FILE = YES;
				MARKETING_VERSION = 1.0;
				PRODUCT_BUNDLE_IDENTIFIER = byldd.PlayingWithSwiftUIUITests;
				PRODUCT_NAME = "$(TARGET_NAME)";
				SWIFT_EMIT_LOC_STRINGS = NO;
				SWIFT_VERSION = 5.0;
				TARGETED_DEVICE_FAMILY = "1,2";
				TEST_TARGET_NAME = PlayingWithSwiftUI;
			};
			name = Debug;
		};
		129187152CF9D4B30082E3C0 /* Release */ = {
			isa = XCBuildConfiguration;
			buildSettings = {
				CODE_SIGN_STYLE = Automatic;
				CURRENT_PROJECT_VERSION = 1;
				DEVELOPMENT_TEAM = PR5663GPG7;
				GENERATE_INFOPLIST_FILE = YES;
				MARKETING_VERSION = 1.0;
				PRODUCT_BUNDLE_IDENTIFIER = byldd.PlayingWithSwiftUIUITests;
				PRODUCT_NAME = "$(TARGET_NAME)";
				SWIFT_EMIT_LOC_STRINGS = NO;
				SWIFT_VERSION = 5.0;
				TARGETED_DEVICE_FAMILY = "1,2";
				TEST_TARGET_NAME = PlayingWithSwiftUI;
			};
			name = Release;
		};
/* End XCBuildConfiguration section */

/* Begin XCConfigurationList section */
		129186E42CF9D4B20082E3C0 /* Build configuration list for PBXProject "PlayingWithSwiftUI" */ = {
			isa = XCConfigurationList;
			buildConfigurations = (
				1291870B2CF9D4B30082E3C0 /* Debug */,
				1291870C2CF9D4B30082E3C0 /* Release */,
			);
			defaultConfigurationIsVisible = 0;
			defaultConfigurationName = Release;
		};
		1291870D2CF9D4B30082E3C0 /* Build configuration list for PBXNativeTarget "PlayingWithSwiftUI" */ = {
			isa = XCConfigurationList;
			buildConfigurations = (
				1291870E2CF9D4B30082E3C0 /* Debug */,
				1291870F2CF9D4B30082E3C0 /* Release */,
			);
			defaultConfigurationIsVisible = 0;
			defaultConfigurationName = Release;
		};
		129187102CF9D4B30082E3C0 /* Build configuration list for PBXNativeTarget "PlayingWithSwiftUITests" */ = {
			isa = XCConfigurationList;
			buildConfigurations = (
				129187112CF9D4B30082E3C0 /* Debug */,
				129187122CF9D4B30082E3C0 /* Release */,
			);
			defaultConfigurationIsVisible = 0;
			defaultConfigurationName = Release;
		};
		129187132CF9D4B30082E3C0 /* Build configuration list for PBXNativeTarget "PlayingWithSwiftUIUITests" */ = {
			isa = XCConfigurationList;
			buildConfigurations = (
				129187142CF9D4B30082E3C0 /* Debug */,
				129187152CF9D4B30082E3C0 /* Release */,
			);
			defaultConfigurationIsVisible = 0;
			defaultConfigurationName = Release;
		};
/* End XCConfigurationList section */
	};
	rootObject = 129186E12CF9D4B20082E3C0 /* Project object */;
}
